
Microsoft Visual Studio Solution File, Format Version 12.00
# Visual Studio Version 17
VisualStudioVersion = 17.9.34607.119
MinimumVisualStudioVersion = 10.0.40219.1
Project("{FAE04EC0-301F-11D3-BF4B-00C04F79EFBC}") = "MusicPlayer", "MusicPlayer\MusicPlayer.csproj", "{1AF0DABD-195A-46B2-840C-A24D8D4D1975}"
EndProject
Global
	GlobalSection(SolutionConfigurationPlatforms) = preSolution
		Debug|Any CPU = Debug|Any CPU
		Release|Any CPU = Release|Any CPU
	EndGlobalSection
	GlobalSection(ProjectConfigurationPlatforms) = postSolution
		{1AF0DABD-195A-46B2-840C-A24D8D4D1975}.Debug|Any CPU.ActiveCfg = Debug|Any CPU
		{1AF0DABD-195A-46B2-840C-A24D8D4D1975}.Debug|Any CPU.Build.0 = Debug|Any CPU
		{1AF0DABD-195A-46B2-840C-A24D8D4D1975}.Release|Any CPU.ActiveCfg = Release|Any CPU
		{1AF0DABD-195A-46B2-840C-A24D8D4D1975}.Release|Any CPU.Build.0 = Release|Any CPU
	EndGlobalSection
	GlobalSection(SolutionProperties) = preSolution
		HideSolutionNode = FALSE
	EndGlobalSection
	GlobalSection(ExtensibilityGlobals) = postSolution
		SolutionGuid = {6CB3873D-E3CA-4619-9C07-9B2D558239B7}
	EndGlobalSection
EndGlobal
